
Microsoft Visual Studio Solution File, Format Version 12.00
# Visual Studio 2013
VisualStudioVersion = 12.0.40629.0
MinimumVisualStudioVersion = 10.0.40219.1
Project("{FAE04EC0-301F-11D3-BF4B-00C04F79EFBC}") = "PorpoiseMobileApp.iOS", "PorpoiseMobileApp\PorpoiseMobileApp.iOS\PorpoiseMobileApp.iOS.csproj", "{36E292AD-82F4-460F-8E7D-BB4B761EF934}"
EndProject
Project("{FAE04EC0-301F-11D3-BF4B-00C04F79EFBC}") = "PorpoiseMobileApp.Core", "PorpoiseMobileApp\PorpoiseMobileApp\PorpoiseMobileApp.Core.csproj", "{EA7ED64D-3FE0-4CB4-B3FD-EA5E1C0367D1}"
EndProject
Project("{FAE04EC0-301F-11D3-BF4B-00C04F79EFBC}") = "PorpoiseMobileApp.UITests", "PorpoiseMobileApp.UITests\PorpoiseMobileApp.UITests.csproj", "{0715122A-6D6C-481B-A5A0-DFD957A1CBEE}"
EndProject
Project("{FAE04EC0-301F-11D3-BF4B-00C04F79EFBC}") = "MvvmCross.Plugins.Permissions", "MvvmCross.Plugins.Permissions\MvvmCross.Plugins.Permissions.csproj", "{4E72E421-F5F5-4E55-8B0C-6B4A747577F2}"
EndProject
Project("{FAE04EC0-301F-11D3-BF4B-00C04F79EFBC}") = "UnitTest", "UnitTest\UnitTest.csproj", "{143AD01B-2D9F-4654-A212-773FEBA7001D}"
EndProject
Project("{FAE04EC0-301F-11D3-BF4B-00C04F79EFBC}") = "PorpoiseUnitTest", "PorpoiseUnitTest\PorpoiseUnitTest.csproj", "{8B35FDD7-D4FD-4B7C-BE77-9F6DBB0AB431}"
EndProject
Project("{FAE04EC0-301F-11D3-BF4B-00C04F79EFBC}") = "PorpoiseUITest", "PorpoiseUITest\PorpoiseUITest.csproj", "{086B2B06-7718-4562-B33C-6F790EFF7577}"
EndProject
Project("{9344BDBB-3E7F-41FC-A0DD-8665D75EE146}") = "PorpoiseMobileApp.Droid", "PorpoiseMobileApp\PorpoiseMobileApp.Droid\PorpoiseMobileApp.Droid.csproj", "{05560EFC-A064-48CC-8F6A-EE96C5AC0F58}"
EndProject
Global
	GlobalSection(SolutionConfigurationPlatforms) = preSolution
		AppStore|Any CPU = AppStore|Any CPU
		AppStore|ARM = AppStore|ARM
		AppStore|iPhone = AppStore|iPhone
		AppStore|iPhoneSimulator = AppStore|iPhoneSimulator
		AppStore|x86 = AppStore|x86
		Debug|Any CPU = Debug|Any CPU
		Debug|ARM = Debug|ARM
		Debug|iPhone = Debug|iPhone
		Debug|iPhoneSimulator = Debug|iPhoneSimulator
		Debug|x86 = Debug|x86
		Release|Any CPU = Release|Any CPU
		Release|ARM = Release|ARM
		Release|iPhone = Release|iPhone
		Release|iPhoneSimulator = Release|iPhoneSimulator
		Release|x86 = Release|x86
	EndGlobalSection
	GlobalSection(ProjectConfigurationPlatforms) = postSolution
		{36E292AD-82F4-460F-8E7D-BB4B761EF934}.AppStore|Any CPU.ActiveCfg = Release|iPhoneSimulator
		{36E292AD-82F4-460F-8E7D-BB4B761EF934}.AppStore|Any CPU.Build.0 = Release|iPhoneSimulator
		{36E292AD-82F4-460F-8E7D-BB4B761EF934}.AppStore|ARM.ActiveCfg = Release|iPhoneSimulator
		{36E292AD-82F4-460F-8E7D-BB4B761EF934}.AppStore|ARM.Build.0 = Release|iPhoneSimulator
		{36E292AD-82F4-460F-8E7D-BB4B761EF934}.AppStore|iPhone.ActiveCfg = Release|iPhone
		{36E292AD-82F4-460F-8E7D-BB4B761EF934}.AppStore|iPhone.Build.0 = Release|iPhone
		{36E292AD-82F4-460F-8E7D-BB4B761EF934}.AppStore|iPhoneSimulator.ActiveCfg = Release|iPhoneSimulator
		{36E292AD-82F4-460F-8E7D-BB4B761EF934}.AppStore|iPhoneSimulator.Build.0 = Release|iPhoneSimulator
		{36E292AD-82F4-460F-8E7D-BB4B761EF934}.AppStore|x86.ActiveCfg = Release|iPhoneSimulator
		{36E292AD-82F4-460F-8E7D-BB4B761EF934}.AppStore|x86.Build.0 = Release|iPhoneSimulator
		{36E292AD-82F4-460F-8E7D-BB4B761EF934}.Debug|Any CPU.ActiveCfg = Debug|iPhoneSimulator
		{36E292AD-82F4-460F-8E7D-BB4B761EF934}.Debug|Any CPU.Build.0 = Debug|iPhoneSimulator
		{36E292AD-82F4-460F-8E7D-BB4B761EF934}.Debug|ARM.ActiveCfg = Debug|iPhone
		{36E292AD-82F4-460F-8E7D-BB4B761EF934}.Debug|iPhone.ActiveCfg = Debug|iPhone
		{36E292AD-82F4-460F-8E7D-BB4B761EF934}.Debug|iPhone.Build.0 = Debug|iPhone
		{36E292AD-82F4-460F-8E7D-BB4B761EF934}.Debug|iPhoneSimulator.ActiveCfg = Debug|iPhoneSimulator
		{36E292AD-82F4-460F-8E7D-BB4B761EF934}.Debug|iPhoneSimulator.Build.0 = Debug|iPhoneSimulator
		{36E292AD-82F4-460F-8E7D-BB4B761EF934}.Debug|x86.ActiveCfg = Debug|iPhone
		{36E292AD-82F4-460F-8E7D-BB4B761EF934}.Release|Any CPU.ActiveCfg = Release|iPhone
		{36E292AD-82F4-460F-8E7D-BB4B761EF934}.Release|ARM.ActiveCfg = Release|iPhone
		{36E292AD-82F4-460F-8E7D-BB4B761EF934}.Release|iPhone.ActiveCfg = Release|iPhone
		{36E292AD-82F4-460F-8E7D-BB4B761EF934}.Release|iPhone.Build.0 = Release|iPhone
		{36E292AD-82F4-460F-8E7D-BB4B761EF934}.Release|iPhoneSimulator.ActiveCfg = Release|iPhoneSimulator
		{36E292AD-82F4-460F-8E7D-BB4B761EF934}.Release|iPhoneSimulator.Build.0 = Release|iPhoneSimulator
		{36E292AD-82F4-460F-8E7D-BB4B761EF934}.Release|x86.ActiveCfg = Release|iPhone
		{EA7ED64D-3FE0-4CB4-B3FD-EA5E1C0367D1}.AppStore|Any CPU.ActiveCfg = Release|Any CPU
		{EA7ED64D-3FE0-4CB4-B3FD-EA5E1C0367D1}.AppStore|Any CPU.Build.0 = Release|Any CPU
		{EA7ED64D-3FE0-4CB4-B3FD-EA5E1C0367D1}.AppStore|ARM.ActiveCfg = Release|Any CPU
		{EA7ED64D-3FE0-4CB4-B3FD-EA5E1C0367D1}.AppStore|ARM.Build.0 = Release|Any CPU
		{EA7ED64D-3FE0-4CB4-B3FD-EA5E1C0367D1}.AppStore|iPhone.ActiveCfg = Release|Any CPU
		{EA7ED64D-3FE0-4CB4-B3FD-EA5E1C0367D1}.AppStore|iPhone.Build.0 = Release|Any CPU
		{EA7ED64D-3FE0-4CB4-B3FD-EA5E1C0367D1}.AppStore|iPhoneSimulator.ActiveCfg = Release|Any CPU
		{EA7ED64D-3FE0-4CB4-B3FD-EA5E1C0367D1}.AppStore|iPhoneSimulator.Build.0 = Release|Any CPU
		{EA7ED64D-3FE0-4CB4-B3FD-EA5E1C0367D1}.AppStore|x86.ActiveCfg = Release|Any CPU
		{EA7ED64D-3FE0-4CB4-B3FD-EA5E1C0367D1}.AppStore|x86.Build.0 = Release|Any CPU
		{EA7ED64D-3FE0-4CB4-B3FD-EA5E1C0367D1}.Debug|Any CPU.ActiveCfg = Debug|Any CPU
		{EA7ED64D-3FE0-4CB4-B3FD-EA5E1C0367D1}.Debug|Any CPU.Build.0 = Debug|Any CPU
		{EA7ED64D-3FE0-4CB4-B3FD-EA5E1C0367D1}.Debug|ARM.ActiveCfg = Debug|Any CPU
		{EA7ED64D-3FE0-4CB4-B3FD-EA5E1C0367D1}.Debug|ARM.Build.0 = Debug|Any CPU
		{EA7ED64D-3FE0-4CB4-B3FD-EA5E1C0367D1}.Debug|iPhone.ActiveCfg = Debug|Any CPU
		{EA7ED64D-3FE0-4CB4-B3FD-EA5E1C0367D1}.Debug|iPhone.Build.0 = Debug|Any CPU
		{EA7ED64D-3FE0-4CB4-B3FD-EA5E1C0367D1}.Debug|iPhoneSimulator.ActiveCfg = Debug|Any CPU
		{EA7ED64D-3FE0-4CB4-B3FD-EA5E1C0367D1}.Debug|iPhoneSimulator.Build.0 = Debug|Any CPU
		{EA7ED64D-3FE0-4CB4-B3FD-EA5E1C0367D1}.Debug|x86.ActiveCfg = Debug|Any CPU
		{EA7ED64D-3FE0-4CB4-B3FD-EA5E1C0367D1}.Debug|x86.Build.0 = Debug|Any CPU
		{EA7ED64D-3FE0-4CB4-B3FD-EA5E1C0367D1}.Release|Any CPU.ActiveCfg = Release|Any CPU
		{EA7ED64D-3FE0-4CB4-B3FD-EA5E1C0367D1}.Release|Any CPU.Build.0 = Release|Any CPU
		{EA7ED64D-3FE0-4CB4-B3FD-EA5E1C0367D1}.Release|ARM.ActiveCfg = Release|Any CPU
		{EA7ED64D-3FE0-4CB4-B3FD-EA5E1C0367D1}.Release|ARM.Build.0 = Release|Any CPU
		{EA7ED64D-3FE0-4CB4-B3FD-EA5E1C0367D1}.Release|iPhone.ActiveCfg = Release|Any CPU
		{EA7ED64D-3FE0-4CB4-B3FD-EA5E1C0367D1}.Release|iPhone.Build.0 = Release|Any CPU
		{EA7ED64D-3FE0-4CB4-B3FD-EA5E1C0367D1}.Release|iPhoneSimulator.ActiveCfg = Release|Any CPU
		{EA7ED64D-3FE0-4CB4-B3FD-EA5E1C0367D1}.Release|iPhoneSimulator.Build.0 = Release|Any CPU
		{EA7ED64D-3FE0-4CB4-B3FD-EA5E1C0367D1}.Release|x86.ActiveCfg = Release|Any CPU
		{EA7ED64D-3FE0-4CB4-B3FD-EA5E1C0367D1}.Release|x86.Build.0 = Release|Any CPU
		{0715122A-6D6C-481B-A5A0-DFD957A1CBEE}.AppStore|Any CPU.ActiveCfg = Release|Any CPU
		{0715122A-6D6C-481B-A5A0-DFD957A1CBEE}.AppStore|Any CPU.Build.0 = Release|Any CPU
		{0715122A-6D6C-481B-A5A0-DFD957A1CBEE}.AppStore|ARM.ActiveCfg = Release|Any CPU
		{0715122A-6D6C-481B-A5A0-DFD957A1CBEE}.AppStore|ARM.Build.0 = Release|Any CPU
		{0715122A-6D6C-481B-A5A0-DFD957A1CBEE}.AppStore|iPhone.ActiveCfg = Release|Any CPU
		{0715122A-6D6C-481B-A5A0-DFD957A1CBEE}.AppStore|iPhone.Build.0 = Release|Any CPU
		{0715122A-6D6C-481B-A5A0-DFD957A1CBEE}.AppStore|iPhoneSimulator.ActiveCfg = Release|Any CPU
		{0715122A-6D6C-481B-A5A0-DFD957A1CBEE}.AppStore|iPhoneSimulator.Build.0 = Release|Any CPU
		{0715122A-6D6C-481B-A5A0-DFD957A1CBEE}.AppStore|x86.ActiveCfg = Release|Any CPU
		{0715122A-6D6C-481B-A5A0-DFD957A1CBEE}.AppStore|x86.Build.0 = Release|Any CPU
		{0715122A-6D6C-481B-A5A0-DFD957A1CBEE}.Debug|Any CPU.ActiveCfg = Debug|Any CPU
		{0715122A-6D6C-481B-A5A0-DFD957A1CBEE}.Debug|Any CPU.Build.0 = Debug|Any CPU
		{0715122A-6D6C-481B-A5A0-DFD957A1CBEE}.Debug|ARM.ActiveCfg = Debug|Any CPU
		{0715122A-6D6C-481B-A5A0-DFD957A1CBEE}.Debug|ARM.Build.0 = Debug|Any CPU
		{0715122A-6D6C-481B-A5A0-DFD957A1CBEE}.Debug|iPhone.ActiveCfg = Debug|Any CPU
		{0715122A-6D6C-481B-A5A0-DFD957A1CBEE}.Debug|iPhone.Build.0 = Debug|Any CPU
		{0715122A-6D6C-481B-A5A0-DFD957A1CBEE}.Debug|iPhoneSimulator.ActiveCfg = Debug|Any CPU
		{0715122A-6D6C-481B-A5A0-DFD957A1CBEE}.Debug|iPhoneSimulator.Build.0 = Debug|Any CPU
		{0715122A-6D6C-481B-A5A0-DFD957A1CBEE}.Debug|x86.ActiveCfg = Debug|Any CPU
		{0715122A-6D6C-481B-A5A0-DFD957A1CBEE}.Debug|x86.Build.0 = Debug|Any CPU
		{0715122A-6D6C-481B-A5A0-DFD957A1CBEE}.Release|Any CPU.ActiveCfg = Release|Any CPU
		{0715122A-6D6C-481B-A5A0-DFD957A1CBEE}.Release|Any CPU.Build.0 = Release|Any CPU
		{0715122A-6D6C-481B-A5A0-DFD957A1CBEE}.Release|ARM.ActiveCfg = Release|Any CPU
		{0715122A-6D6C-481B-A5A0-DFD957A1CBEE}.Release|ARM.Build.0 = Release|Any CPU
		{0715122A-6D6C-481B-A5A0-DFD957A1CBEE}.Release|iPhone.ActiveCfg = Release|Any CPU
		{0715122A-6D6C-481B-A5A0-DFD957A1CBEE}.Release|iPhone.Build.0 = Release|Any CPU
		{0715122A-6D6C-481B-A5A0-DFD957A1CBEE}.Release|iPhoneSimulator.ActiveCfg = Release|Any CPU
		{0715122A-6D6C-481B-A5A0-DFD957A1CBEE}.Release|iPhoneSimulator.Build.0 = Release|Any CPU
		{0715122A-6D6C-481B-A5A0-DFD957A1CBEE}.Release|x86.ActiveCfg = Release|Any CPU
		{0715122A-6D6C-481B-A5A0-DFD957A1CBEE}.Release|x86.Build.0 = Release|Any CPU
		{4E72E421-F5F5-4E55-8B0C-6B4A747577F2}.AppStore|Any CPU.ActiveCfg = Release|Any CPU
		{4E72E421-F5F5-4E55-8B0C-6B4A747577F2}.AppStore|Any CPU.Build.0 = Release|Any CPU
		{4E72E421-F5F5-4E55-8B0C-6B4A747577F2}.AppStore|ARM.ActiveCfg = Release|Any CPU
		{4E72E421-F5F5-4E55-8B0C-6B4A747577F2}.AppStore|ARM.Build.0 = Release|Any CPU
		{4E72E421-F5F5-4E55-8B0C-6B4A747577F2}.AppStore|iPhone.ActiveCfg = Release|Any CPU
		{4E72E421-F5F5-4E55-8B0C-6B4A747577F2}.AppStore|iPhone.Build.0 = Release|Any CPU
		{4E72E421-F5F5-4E55-8B0C-6B4A747577F2}.AppStore|iPhoneSimulator.ActiveCfg = Release|Any CPU
		{4E72E421-F5F5-4E55-8B0C-6B4A747577F2}.AppStore|iPhoneSimulator.Build.0 = Release|Any CPU
		{4E72E421-F5F5-4E55-8B0C-6B4A747577F2}.AppStore|x86.ActiveCfg = Release|Any CPU
		{4E72E421-F5F5-4E55-8B0C-6B4A747577F2}.AppStore|x86.Build.0 = Release|Any CPU
		{4E72E421-F5F5-4E55-8B0C-6B4A747577F2}.Debug|Any CPU.ActiveCfg = Debug|Any CPU
		{4E72E421-F5F5-4E55-8B0C-6B4A747577F2}.Debug|Any CPU.Build.0 = Debug|Any CPU
		{4E72E421-F5F5-4E55-8B0C-6B4A747577F2}.Debug|ARM.ActiveCfg = Debug|Any CPU
		{4E72E421-F5F5-4E55-8B0C-6B4A747577F2}.Debug|ARM.Build.0 = Debug|Any CPU
		{4E72E421-F5F5-4E55-8B0C-6B4A747577F2}.Debug|iPhone.ActiveCfg = Debug|Any CPU
		{4E72E421-F5F5-4E55-8B0C-6B4A747577F2}.Debug|iPhone.Build.0 = Debug|Any CPU
		{4E72E421-F5F5-4E55-8B0C-6B4A747577F2}.Debug|iPhoneSimulator.ActiveCfg = Debug|Any CPU
		{4E72E421-F5F5-4E55-8B0C-6B4A747577F2}.Debug|iPhoneSimulator.Build.0 = Debug|Any CPU
		{4E72E421-F5F5-4E55-8B0C-6B4A747577F2}.Debug|x86.ActiveCfg = Debug|Any CPU
		{4E72E421-F5F5-4E55-8B0C-6B4A747577F2}.Debug|x86.Build.0 = Debug|Any CPU
		{4E72E421-F5F5-4E55-8B0C-6B4A747577F2}.Release|Any CPU.ActiveCfg = Release|Any CPU
		{4E72E421-F5F5-4E55-8B0C-6B4A747577F2}.Release|Any CPU.Build.0 = Release|Any CPU
		{4E72E421-F5F5-4E55-8B0C-6B4A747577F2}.Release|ARM.ActiveCfg = Release|Any CPU
		{4E72E421-F5F5-4E55-8B0C-6B4A747577F2}.Release|ARM.Build.0 = Release|Any CPU
		{4E72E421-F5F5-4E55-8B0C-6B4A747577F2}.Release|iPhone.ActiveCfg = Release|Any CPU
		{4E72E421-F5F5-4E55-8B0C-6B4A747577F2}.Release|iPhone.Build.0 = Release|Any CPU
		{4E72E421-F5F5-4E55-8B0C-6B4A747577F2}.Release|iPhoneSimulator.ActiveCfg = Release|Any CPU
		{4E72E421-F5F5-4E55-8B0C-6B4A747577F2}.Release|iPhoneSimulator.Build.0 = Release|Any CPU
		{4E72E421-F5F5-4E55-8B0C-6B4A747577F2}.Release|x86.ActiveCfg = Release|Any CPU
		{4E72E421-F5F5-4E55-8B0C-6B4A747577F2}.Release|x86.Build.0 = Release|Any CPU
		{143AD01B-2D9F-4654-A212-773FEBA7001D}.AppStore|Any CPU.ActiveCfg = Release|Any CPU
		{143AD01B-2D9F-4654-A212-773FEBA7001D}.AppStore|Any CPU.Build.0 = Release|Any CPU
		{143AD01B-2D9F-4654-A212-773FEBA7001D}.AppStore|ARM.ActiveCfg = Release|Any CPU
		{143AD01B-2D9F-4654-A212-773FEBA7001D}.AppStore|ARM.Build.0 = Release|Any CPU
		{143AD01B-2D9F-4654-A212-773FEBA7001D}.AppStore|iPhone.ActiveCfg = Release|Any CPU
		{143AD01B-2D9F-4654-A212-773FEBA7001D}.AppStore|iPhone.Build.0 = Release|Any CPU
		{143AD01B-2D9F-4654-A212-773FEBA7001D}.AppStore|iPhoneSimulator.ActiveCfg = Release|Any CPU
		{143AD01B-2D9F-4654-A212-773FEBA7001D}.AppStore|iPhoneSimulator.Build.0 = Release|Any CPU
		{143AD01B-2D9F-4654-A212-773FEBA7001D}.AppStore|x86.ActiveCfg = Release|Any CPU
		{143AD01B-2D9F-4654-A212-773FEBA7001D}.AppStore|x86.Build.0 = Release|Any CPU
		{143AD01B-2D9F-4654-A212-773FEBA7001D}.Debug|Any CPU.ActiveCfg = Debug|Any CPU
		{143AD01B-2D9F-4654-A212-773FEBA7001D}.Debug|Any CPU.Build.0 = Debug|Any CPU
		{143AD01B-2D9F-4654-A212-773FEBA7001D}.Debug|ARM.ActiveCfg = Debug|Any CPU
		{143AD01B-2D9F-4654-A212-773FEBA7001D}.Debug|ARM.Build.0 = Debug|Any CPU
		{143AD01B-2D9F-4654-A212-773FEBA7001D}.Debug|iPhone.ActiveCfg = Debug|Any CPU
		{143AD01B-2D9F-4654-A212-773FEBA7001D}.Debug|iPhone.Build.0 = Debug|Any CPU
		{143AD01B-2D9F-4654-A212-773FEBA7001D}.Debug|iPhoneSimulator.ActiveCfg = Debug|Any CPU
		{143AD01B-2D9F-4654-A212-773FEBA7001D}.Debug|iPhoneSimulator.Build.0 = Debug|Any CPU
		{143AD01B-2D9F-4654-A212-773FEBA7001D}.Debug|x86.ActiveCfg = Debug|Any CPU
		{143AD01B-2D9F-4654-A212-773FEBA7001D}.Debug|x86.Build.0 = Debug|Any CPU
		{143AD01B-2D9F-4654-A212-773FEBA7001D}.Release|Any CPU.ActiveCfg = Release|Any CPU
		{143AD01B-2D9F-4654-A212-773FEBA7001D}.Release|Any CPU.Build.0 = Release|Any CPU
		{143AD01B-2D9F-4654-A212-773FEBA7001D}.Release|ARM.ActiveCfg = Release|Any CPU
		{143AD01B-2D9F-4654-A212-773FEBA7001D}.Release|ARM.Build.0 = Release|Any CPU
		{143AD01B-2D9F-4654-A212-773FEBA7001D}.Release|iPhone.ActiveCfg = Release|Any CPU
		{143AD01B-2D9F-4654-A212-773FEBA7001D}.Release|iPhone.Build.0 = Release|Any CPU
		{143AD01B-2D9F-4654-A212-773FEBA7001D}.Release|iPhoneSimulator.ActiveCfg = Release|Any CPU
		{143AD01B-2D9F-4654-A212-773FEBA7001D}.Release|iPhoneSimulator.Build.0 = Release|Any CPU
		{143AD01B-2D9F-4654-A212-773FEBA7001D}.Release|x86.ActiveCfg = Release|Any CPU
		{143AD01B-2D9F-4654-A212-773FEBA7001D}.Release|x86.Build.0 = Release|Any CPU
		{8B35FDD7-D4FD-4B7C-BE77-9F6DBB0AB431}.AppStore|Any CPU.ActiveCfg = Release|iPhoneSimulator
		{8B35FDD7-D4FD-4B7C-BE77-9F6DBB0AB431}.AppStore|Any CPU.Build.0 = Release|iPhoneSimulator
		{8B35FDD7-D4FD-4B7C-BE77-9F6DBB0AB431}.AppStore|ARM.ActiveCfg = Release|iPhoneSimulator
		{8B35FDD7-D4FD-4B7C-BE77-9F6DBB0AB431}.AppStore|ARM.Build.0 = Release|iPhoneSimulator
		{8B35FDD7-D4FD-4B7C-BE77-9F6DBB0AB431}.AppStore|iPhone.ActiveCfg = Release|iPhone
		{8B35FDD7-D4FD-4B7C-BE77-9F6DBB0AB431}.AppStore|iPhone.Build.0 = Release|iPhone
		{8B35FDD7-D4FD-4B7C-BE77-9F6DBB0AB431}.AppStore|iPhoneSimulator.ActiveCfg = Release|iPhoneSimulator
		{8B35FDD7-D4FD-4B7C-BE77-9F6DBB0AB431}.AppStore|iPhoneSimulator.Build.0 = Release|iPhoneSimulator
		{8B35FDD7-D4FD-4B7C-BE77-9F6DBB0AB431}.AppStore|x86.ActiveCfg = Release|iPhoneSimulator
		{8B35FDD7-D4FD-4B7C-BE77-9F6DBB0AB431}.AppStore|x86.Build.0 = Release|iPhoneSimulator
		{8B35FDD7-D4FD-4B7C-BE77-9F6DBB0AB431}.Debug|Any CPU.ActiveCfg = Debug|iPhoneSimulator
		{8B35FDD7-D4FD-4B7C-BE77-9F6DBB0AB431}.Debug|Any CPU.Build.0 = Debug|iPhoneSimulator
		{8B35FDD7-D4FD-4B7C-BE77-9F6DBB0AB431}.Debug|ARM.ActiveCfg = Debug|iPhone
		{8B35FDD7-D4FD-4B7C-BE77-9F6DBB0AB431}.Debug|ARM.Build.0 = Debug|iPhone
		{8B35FDD7-D4FD-4B7C-BE77-9F6DBB0AB431}.Debug|iPhone.ActiveCfg = Debug|iPhone
		{8B35FDD7-D4FD-4B7C-BE77-9F6DBB0AB431}.Debug|iPhone.Build.0 = Debug|iPhone
		{8B35FDD7-D4FD-4B7C-BE77-9F6DBB0AB431}.Debug|iPhoneSimulator.ActiveCfg = Debug|iPhoneSimulator
		{8B35FDD7-D4FD-4B7C-BE77-9F6DBB0AB431}.Debug|iPhoneSimulator.Build.0 = Debug|iPhoneSimulator
		{8B35FDD7-D4FD-4B7C-BE77-9F6DBB0AB431}.Debug|x86.ActiveCfg = Debug|iPhone
		{8B35FDD7-D4FD-4B7C-BE77-9F6DBB0AB431}.Debug|x86.Build.0 = Debug|iPhone
		{8B35FDD7-D4FD-4B7C-BE77-9F6DBB0AB431}.Release|Any CPU.ActiveCfg = Release|iPhone
		{8B35FDD7-D4FD-4B7C-BE77-9F6DBB0AB431}.Release|Any CPU.Build.0 = Release|iPhone
		{8B35FDD7-D4FD-4B7C-BE77-9F6DBB0AB431}.Release|ARM.ActiveCfg = Release|iPhone
		{8B35FDD7-D4FD-4B7C-BE77-9F6DBB0AB431}.Release|ARM.Build.0 = Release|iPhone
		{8B35FDD7-D4FD-4B7C-BE77-9F6DBB0AB431}.Release|iPhone.ActiveCfg = Release|iPhone
		{8B35FDD7-D4FD-4B7C-BE77-9F6DBB0AB431}.Release|iPhone.Build.0 = Release|iPhone
		{8B35FDD7-D4FD-4B7C-BE77-9F6DBB0AB431}.Release|iPhoneSimulator.ActiveCfg = Release|iPhoneSimulator
		{8B35FDD7-D4FD-4B7C-BE77-9F6DBB0AB431}.Release|iPhoneSimulator.Build.0 = Release|iPhoneSimulator
		{8B35FDD7-D4FD-4B7C-BE77-9F6DBB0AB431}.Release|x86.ActiveCfg = Release|iPhone
		{8B35FDD7-D4FD-4B7C-BE77-9F6DBB0AB431}.Release|x86.Build.0 = Release|iPhone
		{086B2B06-7718-4562-B33C-6F790EFF7577}.AppStore|Any CPU.ActiveCfg = Release|Any CPU
		{086B2B06-7718-4562-B33C-6F790EFF7577}.AppStore|Any CPU.Build.0 = Release|Any CPU
		{086B2B06-7718-4562-B33C-6F790EFF7577}.AppStore|ARM.ActiveCfg = Release|Any CPU
		{086B2B06-7718-4562-B33C-6F790EFF7577}.AppStore|ARM.Build.0 = Release|Any CPU
		{086B2B06-7718-4562-B33C-6F790EFF7577}.AppStore|iPhone.ActiveCfg = Release|Any CPU
		{086B2B06-7718-4562-B33C-6F790EFF7577}.AppStore|iPhone.Build.0 = Release|Any CPU
		{086B2B06-7718-4562-B33C-6F790EFF7577}.AppStore|iPhoneSimulator.ActiveCfg = Release|Any CPU
		{086B2B06-7718-4562-B33C-6F790EFF7577}.AppStore|iPhoneSimulator.Build.0 = Release|Any CPU
		{086B2B06-7718-4562-B33C-6F790EFF7577}.AppStore|x86.ActiveCfg = Release|Any CPU
		{086B2B06-7718-4562-B33C-6F790EFF7577}.AppStore|x86.Build.0 = Release|Any CPU
		{086B2B06-7718-4562-B33C-6F790EFF7577}.Debug|Any CPU.ActiveCfg = Debug|Any CPU
		{086B2B06-7718-4562-B33C-6F790EFF7577}.Debug|Any CPU.Build.0 = Debug|Any CPU
		{086B2B06-7718-4562-B33C-6F790EFF7577}.Debug|ARM.ActiveCfg = Debug|Any CPU
		{086B2B06-7718-4562-B33C-6F790EFF7577}.Debug|ARM.Build.0 = Debug|Any CPU
		{086B2B06-7718-4562-B33C-6F790EFF7577}.Debug|iPhone.ActiveCfg = Debug|Any CPU
		{086B2B06-7718-4562-B33C-6F790EFF7577}.Debug|iPhone.Build.0 = Debug|Any CPU
		{086B2B06-7718-4562-B33C-6F790EFF7577}.Debug|iPhoneSimulator.ActiveCfg = Debug|Any CPU
		{086B2B06-7718-4562-B33C-6F790EFF7577}.Debug|iPhoneSimulator.Build.0 = Debug|Any CPU
		{086B2B06-7718-4562-B33C-6F790EFF7577}.Debug|x86.ActiveCfg = Debug|Any CPU
		{086B2B06-7718-4562-B33C-6F790EFF7577}.Debug|x86.Build.0 = Debug|Any CPU
		{086B2B06-7718-4562-B33C-6F790EFF7577}.Release|Any CPU.ActiveCfg = Release|Any CPU
		{086B2B06-7718-4562-B33C-6F790EFF7577}.Release|Any CPU.Build.0 = Release|Any CPU
		{086B2B06-7718-4562-B33C-6F790EFF7577}.Release|ARM.ActiveCfg = Release|Any CPU
		{086B2B06-7718-4562-B33C-6F790EFF7577}.Release|ARM.Build.0 = Release|Any CPU
		{086B2B06-7718-4562-B33C-6F790EFF7577}.Release|iPhone.ActiveCfg = Release|Any CPU
		{086B2B06-7718-4562-B33C-6F790EFF7577}.Release|iPhone.Build.0 = Release|Any CPU
		{086B2B06-7718-4562-B33C-6F790EFF7577}.Release|iPhoneSimulator.ActiveCfg = Release|Any CPU
		{086B2B06-7718-4562-B33C-6F790EFF7577}.Release|iPhoneSimulator.Build.0 = Release|Any CPU
		{086B2B06-7718-4562-B33C-6F790EFF7577}.Release|x86.ActiveCfg = Release|Any CPU
		{086B2B06-7718-4562-B33C-6F790EFF7577}.Release|x86.Build.0 = Release|Any CPU
		{05560EFC-A064-48CC-8F6A-EE96C5AC0F58}.AppStore|Any CPU.ActiveCfg = Release|Any CPU
		{05560EFC-A064-48CC-8F6A-EE96C5AC0F58}.AppStore|Any CPU.Build.0 = Release|Any CPU
		{05560EFC-A064-48CC-8F6A-EE96C5AC0F58}.AppStore|Any CPU.Deploy.0 = Release|Any CPU
		{05560EFC-A064-48CC-8F6A-EE96C5AC0F58}.AppStore|ARM.ActiveCfg = Release|Any CPU
		{05560EFC-A064-48CC-8F6A-EE96C5AC0F58}.AppStore|ARM.Build.0 = Release|Any CPU
		{05560EFC-A064-48CC-8F6A-EE96C5AC0F58}.AppStore|ARM.Deploy.0 = Release|Any CPU
		{05560EFC-A064-48CC-8F6A-EE96C5AC0F58}.AppStore|iPhone.ActiveCfg = Release|Any CPU
		{05560EFC-A064-48CC-8F6A-EE96C5AC0F58}.AppStore|iPhone.Build.0 = Release|Any CPU
		{05560EFC-A064-48CC-8F6A-EE96C5AC0F58}.AppStore|iPhone.Deploy.0 = Release|Any CPU
		{05560EFC-A064-48CC-8F6A-EE96C5AC0F58}.AppStore|iPhoneSimulator.ActiveCfg = Release|Any CPU
		{05560EFC-A064-48CC-8F6A-EE96C5AC0F58}.AppStore|iPhoneSimulator.Build.0 = Release|Any CPU
		{05560EFC-A064-48CC-8F6A-EE96C5AC0F58}.AppStore|iPhoneSimulator.Deploy.0 = Release|Any CPU
		{05560EFC-A064-48CC-8F6A-EE96C5AC0F58}.AppStore|x86.ActiveCfg = Release|Any CPU
		{05560EFC-A064-48CC-8F6A-EE96C5AC0F58}.AppStore|x86.Build.0 = Release|Any CPU
		{05560EFC-A064-48CC-8F6A-EE96C5AC0F58}.AppStore|x86.Deploy.0 = Release|Any CPU
		{05560EFC-A064-48CC-8F6A-EE96C5AC0F58}.Debug|Any CPU.ActiveCfg = Debug|Any CPU
		{05560EFC-A064-48CC-8F6A-EE96C5AC0F58}.Debug|Any CPU.Build.0 = Debug|Any CPU
		{05560EFC-A064-48CC-8F6A-EE96C5AC0F58}.Debug|Any CPU.Deploy.0 = Debug|Any CPU
		{05560EFC-A064-48CC-8F6A-EE96C5AC0F58}.Debug|ARM.ActiveCfg = Debug|Any CPU
		{05560EFC-A064-48CC-8F6A-EE96C5AC0F58}.Debug|ARM.Build.0 = Debug|Any CPU
		{05560EFC-A064-48CC-8F6A-EE96C5AC0F58}.Debug|ARM.Deploy.0 = Debug|Any CPU
		{05560EFC-A064-48CC-8F6A-EE96C5AC0F58}.Debug|iPhone.ActiveCfg = Debug|Any CPU
		{05560EFC-A064-48CC-8F6A-EE96C5AC0F58}.Debug|iPhone.Build.0 = Debug|Any CPU
		{05560EFC-A064-48CC-8F6A-EE96C5AC0F58}.Debug|iPhone.Deploy.0 = Debug|Any CPU
		{05560EFC-A064-48CC-8F6A-EE96C5AC0F58}.Debug|iPhoneSimulator.ActiveCfg = Debug|Any CPU
		{05560EFC-A064-48CC-8F6A-EE96C5AC0F58}.Debug|iPhoneSimulator.Build.0 = Debug|Any CPU
		{05560EFC-A064-48CC-8F6A-EE96C5AC0F58}.Debug|iPhoneSimulator.Deploy.0 = Debug|Any CPU
		{05560EFC-A064-48CC-8F6A-EE96C5AC0F58}.Debug|x86.ActiveCfg = Debug|Any CPU
		{05560EFC-A064-48CC-8F6A-EE96C5AC0F58}.Debug|x86.Build.0 = Debug|Any CPU
		{05560EFC-A064-48CC-8F6A-EE96C5AC0F58}.Debug|x86.Deploy.0 = Debug|Any CPU
		{05560EFC-A064-48CC-8F6A-EE96C5AC0F58}.Release|Any CPU.ActiveCfg = Release|Any CPU
		{05560EFC-A064-48CC-8F6A-EE96C5AC0F58}.Release|Any CPU.Build.0 = Release|Any CPU
		{05560EFC-A064-48CC-8F6A-EE96C5AC0F58}.Release|Any CPU.Deploy.0 = Release|Any CPU
		{05560EFC-A064-48CC-8F6A-EE96C5AC0F58}.Release|ARM.ActiveCfg = Release|Any CPU
		{05560EFC-A064-48CC-8F6A-EE96C5AC0F58}.Release|ARM.Build.0 = Release|Any CPU
		{05560EFC-A064-48CC-8F6A-EE96C5AC0F58}.Release|ARM.Deploy.0 = Release|Any CPU
		{05560EFC-A064-48CC-8F6A-EE96C5AC0F58}.Release|iPhone.ActiveCfg = Release|Any CPU
		{05560EFC-A064-48CC-8F6A-EE96C5AC0F58}.Release|iPhone.Build.0 = Release|Any CPU
		{05560EFC-A064-48CC-8F6A-EE96C5AC0F58}.Release|iPhone.Deploy.0 = Release|Any CPU
		{05560EFC-A064-48CC-8F6A-EE96C5AC0F58}.Release|iPhoneSimulator.ActiveCfg = Release|Any CPU
		{05560EFC-A064-48CC-8F6A-EE96C5AC0F58}.Release|iPhoneSimulator.Build.0 = Release|Any CPU
		{05560EFC-A064-48CC-8F6A-EE96C5AC0F58}.Release|iPhoneSimulator.Deploy.0 = Release|Any CPU
		{05560EFC-A064-48CC-8F6A-EE96C5AC0F58}.Release|x86.ActiveCfg = Release|Any CPU
		{05560EFC-A064-48CC-8F6A-EE96C5AC0F58}.Release|x86.Build.0 = Release|Any CPU
		{05560EFC-A064-48CC-8F6A-EE96C5AC0F58}.Release|x86.Deploy.0 = Release|Any CPU
	EndGlobalSection
	GlobalSection(SolutionProperties) = preSolution
		HideSolutionNode = FALSE
	EndGlobalSection
EndGlobal
